
Microsoft Visual Studio Solution File, Format Version 12.00
Project("{FAE04EC0-301F-11D3-BF4B-00C04F79EFBC}") = "API", "API\API.csproj", "{9936F54F-8229-40BE-B1EE-BB00523D0346}"
EndProject
Project("{2150E333-8FDC-42A3-9474-1A3956D46DE8}") = "Solution Items", "Solution Items", "{E617A3E5-B575-4829-9306-7AEAEAF78584}"
	ProjectSection(SolutionItems) = preProject
		compose.yaml = compose.yaml
	EndProjectSection
EndProject
Global
	GlobalSection(SolutionConfigurationPlatforms) = preSolution
		Debug|Any CPU = Debug|Any CPU
		Release|Any CPU = Release|Any CPU
	EndGlobalSection
	GlobalSection(ProjectConfigurationPlatforms) = postSolution
		{9936F54F-8229-40BE-B1EE-BB00523D0346}.Debug|Any CPU.ActiveCfg = Debug|Any CPU
		{9936F54F-8229-40BE-B1EE-BB00523D0346}.Debug|Any CPU.Build.0 = Debug|Any CPU
		{9936F54F-8229-40BE-B1EE-BB00523D0346}.Release|Any CPU.ActiveCfg = Release|Any CPU
		{9936F54F-8229-40BE-B1EE-BB00523D0346}.Release|Any CPU.Build.0 = Release|Any CPU
	EndGlobalSection
EndGlobal
