
Microsoft Visual Studio Solution File, Format Version 12.00
Project("{FAE04EC0-301F-11D3-BF4B-00C04F79EFBC}") = "API", "API\API.csproj", "{9936F54F-8229-40BE-B1EE-BB00523D0346}"
EndProject
Project("{2150E333-8FDC-42A3-9474-1A3956D46DE8}") = "Solution Items", "Solution Items", "{E617A3E5-B575-4829-9306-7AEAEAF78584}"
	ProjectSection(SolutionItems) = preProject
		compose.yaml = compose.yaml
	EndProjectSection
EndProject
Project("{FAE04EC0-301F-11D3-BF4B-00C04F79EFBC}") = "Core", "Core\Core.csproj", "{CA9AD03C-069C-4C64-A853-68B0E677C8A7}"
EndProject
Project("{FAE04EC0-301F-11D3-BF4B-00C04F79EFBC}") = "Infrastructure", "Infrastructure\Infrastructure.csproj", "{DF2B9C8D-EAC3-4056-B366-4D1AA01743BE}"
EndProject
Project("{FAE04EC0-301F-11D3-BF4B-00C04F79EFBC}") = "ExporterPlugins", "ExporterPlugins\ExporterPlugins.csproj", "{B01D3537-04CF-49E6-ABC5-ABA1B2A19F88}"
EndProject
Global
	GlobalSection(SolutionConfigurationPlatforms) = preSolution
		Debug|Any CPU = Debug|Any CPU
		Release|Any CPU = Release|Any CPU
	EndGlobalSection
	GlobalSection(ProjectConfigurationPlatforms) = postSolution
		{9936F54F-8229-40BE-B1EE-BB00523D0346}.Debug|Any CPU.ActiveCfg = Debug|Any CPU
		{9936F54F-8229-40BE-B1EE-BB00523D0346}.Debug|Any CPU.Build.0 = Debug|Any CPU
		{9936F54F-8229-40BE-B1EE-BB00523D0346}.Release|Any CPU.ActiveCfg = Release|Any CPU
		{9936F54F-8229-40BE-B1EE-BB00523D0346}.Release|Any CPU.Build.0 = Release|Any CPU
		{CA9AD03C-069C-4C64-A853-68B0E677C8A7}.Debug|Any CPU.ActiveCfg = Debug|Any CPU
		{CA9AD03C-069C-4C64-A853-68B0E677C8A7}.Debug|Any CPU.Build.0 = Debug|Any CPU
		{CA9AD03C-069C-4C64-A853-68B0E677C8A7}.Release|Any CPU.ActiveCfg = Release|Any CPU
		{CA9AD03C-069C-4C64-A853-68B0E677C8A7}.Release|Any CPU.Build.0 = Release|Any CPU
		{DF2B9C8D-EAC3-4056-B366-4D1AA01743BE}.Debug|Any CPU.ActiveCfg = Debug|Any CPU
		{DF2B9C8D-EAC3-4056-B366-4D1AA01743BE}.Debug|Any CPU.Build.0 = Debug|Any CPU
		{DF2B9C8D-EAC3-4056-B366-4D1AA01743BE}.Release|Any CPU.ActiveCfg = Release|Any CPU
		{DF2B9C8D-EAC3-4056-B366-4D1AA01743BE}.Release|Any CPU.Build.0 = Release|Any CPU
		{B01D3537-04CF-49E6-ABC5-ABA1B2A19F88}.Debug|Any CPU.ActiveCfg = Debug|Any CPU
		{B01D3537-04CF-49E6-ABC5-ABA1B2A19F88}.Debug|Any CPU.Build.0 = Debug|Any CPU
		{B01D3537-04CF-49E6-ABC5-ABA1B2A19F88}.Release|Any CPU.ActiveCfg = Release|Any CPU
		{B01D3537-04CF-49E6-ABC5-ABA1B2A19F88}.Release|Any CPU.Build.0 = Release|Any CPU
	EndGlobalSection
	GlobalSection(NestedProjects) = preSolution
	EndGlobalSection
EndGlobal
